
Microsoft Visual Studio Solution File, Format Version 12.00
# Visual Studio Version 17
VisualStudioVersion = 17.11.35222.181
MinimumVisualStudioVersion = 10.0.40219.1
Project("{FAE04EC0-301F-11D3-BF4B-00C04F79EFBC}") = "gRPC Test Server", "gRPC Test Server\gRPC Test Server.csproj", "{92EDA9FA-965F-4374-9978-8B233E3A40E5}"
EndProject
Project("{FAE04EC0-301F-11D3-BF4B-00C04F79EFBC}") = "gRPC Test Client", "gRPC Test Client\gRPC Test Client.csproj", "{39C1A963-770B-4629-B971-3C78D9EBA4A2}"
EndProject
Global
	GlobalSection(SolutionConfigurationPlatforms) = preSolution
		Debug|Any CPU = Debug|Any CPU
		Release|Any CPU = Release|Any CPU
	EndGlobalSection
	GlobalSection(ProjectConfigurationPlatforms) = postSolution
		{92EDA9FA-965F-4374-9978-8B233E3A40E5}.Debug|Any CPU.ActiveCfg = Debug|Any CPU
		{92EDA9FA-965F-4374-9978-8B233E3A40E5}.Debug|Any CPU.Build.0 = Debug|Any CPU
		{92EDA9FA-965F-4374-9978-8B233E3A40E5}.Release|Any CPU.ActiveCfg = Release|Any CPU
		{92EDA9FA-965F-4374-9978-8B233E3A40E5}.Release|Any CPU.Build.0 = Release|Any CPU
		{39C1A963-770B-4629-B971-3C78D9EBA4A2}.Debug|Any CPU.ActiveCfg = Debug|Any CPU
		{39C1A963-770B-4629-B971-3C78D9EBA4A2}.Debug|Any CPU.Build.0 = Debug|Any CPU
		{39C1A963-770B-4629-B971-3C78D9EBA4A2}.Release|Any CPU.ActiveCfg = Release|Any CPU
		{39C1A963-770B-4629-B971-3C78D9EBA4A2}.Release|Any CPU.Build.0 = Release|Any CPU
	EndGlobalSection
	GlobalSection(SolutionProperties) = preSolution
		HideSolutionNode = FALSE
	EndGlobalSection
	GlobalSection(ExtensibilityGlobals) = postSolution
		SolutionGuid = {D18B5F11-92C1-4D76-86A8-DC131BDCB83A}
	EndGlobalSection
EndGlobal
